// !$*UTF8*$!
{
	archiveVersion = 1;
	classes = {
	};
	objectVersion = 50;
	objects = {

/* Begin PBXBuildFile section */
		CA2854E325276F4D00698FD7 /* AppDelegate.swift in Sources */ = {isa = PBXBuildFile; fileRef = CA2854E225276F4D00698FD7 /* AppDelegate.swift */; };
		CA2854E525276F4D00698FD7 /* SceneDelegate.swift in Sources */ = {isa = PBXBuildFile; fileRef = CA2854E425276F4D00698FD7 /* SceneDelegate.swift */; };
		CA2854E725276F4D00698FD7 /* ViewController.swift in Sources */ = {isa = PBXBuildFile; fileRef = CA2854E625276F4D00698FD7 /* ViewController.swift */; };
		CA2854EA25276F4D00698FD7 /* Main.storyboard in Resources */ = {isa = PBXBuildFile; fileRef = CA2854E825276F4D00698FD7 /* Main.storyboard */; };
		CA2854EC25276F5100698FD7 /* Assets.xcassets in Resources */ = {isa = PBXBuildFile; fileRef = CA2854EB25276F5100698FD7 /* Assets.xcassets */; };
		CA2854EF25276F5100698FD7 /* LaunchScreen.storyboard in Resources */ = {isa = PBXBuildFile; fileRef = CA2854ED25276F5100698FD7 /* LaunchScreen.storyboard */; };
		CA2854F825276FF100698FD7 /* Animal.swift in Sources */ = {isa = PBXBuildFile; fileRef = CA2854F725276FF100698FD7 /* Animal.swift */; };
		CA2854FB252770FF00698FD7 /* AnimalDetailTableCell.swift in Sources */ = {isa = PBXBuildFile; fileRef = CA2854FA252770FF00698FD7 /* AnimalDetailTableCell.swift */; };
		CA2854FF2528194700698FD7 /* AnimalDetailViewController.swift in Sources */ = {isa = PBXBuildFile; fileRef = CA2854FE2528194700698FD7 /* AnimalDetailViewController.swift */; };
		CA2855022528195300698FD7 /* AnimalDetail.storyboard in Resources */ = {isa = PBXBuildFile; fileRef = CA2855012528195300698FD7 /* AnimalDetail.storyboard */; };
/* End PBXBuildFile section */

/* Begin PBXFileReference section */
		CA2854DF25276F4D00698FD7 /* Exec02.app */ = {isa = PBXFileReference; explicitFileType = wrapper.application; includeInIndex = 0; path = Exec02.app; sourceTree = BUILT_PRODUCTS_DIR; };
		CA2854E225276F4D00698FD7 /* AppDelegate.swift */ = {isa = PBXFileReference; lastKnownFileType = sourcecode.swift; path = AppDelegate.swift; sourceTree = "<group>"; };
		CA2854E425276F4D00698FD7 /* SceneDelegate.swift */ = {isa = PBXFileReference; lastKnownFileType = sourcecode.swift; path = SceneDelegate.swift; sourceTree = "<group>"; };
		CA2854E625276F4D00698FD7 /* ViewController.swift */ = {isa = PBXFileReference; lastKnownFileType = sourcecode.swift; path = ViewController.swift; sourceTree = "<group>"; };
		CA2854E925276F4D00698FD7 /* Base */ = {isa = PBXFileReference; lastKnownFileType = file.storyboard; name = Base; path = Base.lproj/Main.storyboard; sourceTree = "<group>"; };
		CA2854EB25276F5100698FD7 /* Assets.xcassets */ = {isa = PBXFileReference; lastKnownFileType = folder.assetcatalog; path = Assets.xcassets; sourceTree = "<group>"; };
		CA2854EE25276F5100698FD7 /* Base */ = {isa = PBXFileReference; lastKnownFileType = file.storyboard; name = Base; path = Base.lproj/LaunchScreen.storyboard; sourceTree = "<group>"; };
		CA2854F025276F5100698FD7 /* Info.plist */ = {isa = PBXFileReference; lastKnownFileType = text.plist.xml; path = Info.plist; sourceTree = "<group>"; };
		CA2854F725276FF100698FD7 /* Animal.swift */ = {isa = PBXFileReference; lastKnownFileType = sourcecode.swift; path = Animal.swift; sourceTree = "<group>"; };
		CA2854FA252770FF00698FD7 /* AnimalDetailTableCell.swift */ = {isa = PBXFileReference; lastKnownFileType = sourcecode.swift; path = AnimalDetailTableCell.swift; sourceTree = "<group>"; };
		CA2854FE2528194700698FD7 /* AnimalDetailViewController.swift */ = {isa = PBXFileReference; lastKnownFileType = sourcecode.swift; path = AnimalDetailViewController.swift; sourceTree = "<group>"; };
		CA2855012528195300698FD7 /* AnimalDetail.storyboard */ = {isa = PBXFileReference; lastKnownFileType = file.storyboard; path = AnimalDetail.storyboard; sourceTree = "<group>"; };
/* End PBXFileReference section */

/* Begin PBXFrameworksBuildPhase section */
		CA2854DC25276F4D00698FD7 /* Frameworks */ = {
			isa = PBXFrameworksBuildPhase;
			buildActionMask = 2147483647;
			files = (
			);
			runOnlyForDeploymentPostprocessing = 0;
		};
/* End PBXFrameworksBuildPhase section */

/* Begin PBXGroup section */
		CA2854D625276F4D00698FD7 = {
			isa = PBXGroup;
			children = (
				CA2854E125276F4D00698FD7 /* Exec02 */,
				CA2854E025276F4D00698FD7 /* Products */,
			);
			sourceTree = "<group>";
		};
		CA2854E025276F4D00698FD7 /* Products */ = {
			isa = PBXGroup;
			children = (
				CA2854DF25276F4D00698FD7 /* Exec02.app */,
			);
			name = Products;
			sourceTree = "<group>";
		};
		CA2854E125276F4D00698FD7 /* Exec02 */ = {
			isa = PBXGroup;
			children = (
				CA2854FD2528191C00698FD7 /* AnimalDetail */,
				CA2854E225276F4D00698FD7 /* AppDelegate.swift */,
				CA2854E425276F4D00698FD7 /* SceneDelegate.swift */,
				CA2854E625276F4D00698FD7 /* ViewController.swift */,
				CA2854E825276F4D00698FD7 /* Main.storyboard */,
				CA2854FA252770FF00698FD7 /* AnimalDetailTableCell.swift */,
				CA2854F725276FF100698FD7 /* Animal.swift */,
				CA2854EB25276F5100698FD7 /* Assets.xcassets */,
				CA2854ED25276F5100698FD7 /* LaunchScreen.storyboard */,
				CA2854F025276F5100698FD7 /* Info.plist */,
			);
			path = Exec02;
			sourceTree = "<group>";
		};
		CA2854FD2528191C00698FD7 /* AnimalDetail */ = {
			isa = PBXGroup;
			children = (
				CA2854FE2528194700698FD7 /* AnimalDetailViewController.swift */,
				CA2855012528195300698FD7 /* AnimalDetail.storyboard */,
			);
			path = AnimalDetail;
			sourceTree = "<group>";
		};
/* End PBXGroup section */

/* Begin PBXNativeTarget section */
		CA2854DE25276F4D00698FD7 /* Exec02 */ = {
			isa = PBXNativeTarget;
			buildConfigurationList = CA2854F325276F5100698FD7 /* Build configuration list for PBXNativeTarget "Exec02" */;
			buildPhases = (
				CA2854DB25276F4D00698FD7 /* Sources */,
				CA2854DC25276F4D00698FD7 /* Frameworks */,
				CA2854DD25276F4D00698FD7 /* Resources */,
			);
			buildRules = (
			);
			dependencies = (
			);
			name = Exec02;
			productName = Exec02;
			productReference = CA2854DF25276F4D00698FD7 /* Exec02.app */;
			productType = "com.apple.product-type.application";
		};
/* End PBXNativeTarget section */

/* Begin PBXProject section */
		CA2854D725276F4D00698FD7 /* Project object */ = {
			isa = PBXProject;
			attributes = {
				LastSwiftUpdateCheck = 1200;
				LastUpgradeCheck = 1200;
				TargetAttributes = {
					CA2854DE25276F4D00698FD7 = {
						CreatedOnToolsVersion = 12.0.1;
					};
				};
			};
			buildConfigurationList = CA2854DA25276F4D00698FD7 /* Build configuration list for PBXProject "Exec02" */;
			compatibilityVersion = "Xcode 9.3";
			developmentRegion = en;
			hasScannedForEncodings = 0;
			knownRegions = (
				en,
				Base,
			);
			mainGroup = CA2854D625276F4D00698FD7;
			productRefGroup = CA2854E025276F4D00698FD7 /* Products */;
			projectDirPath = "";
			projectRoot = "";
			targets = (
				CA2854DE25276F4D00698FD7 /* Exec02 */,
			);
		};
/* End PBXProject section */

/* Begin PBXResourcesBuildPhase section */
		CA2854DD25276F4D00698FD7 /* Resources */ = {
			isa = PBXResourcesBuildPhase;
			buildActionMask = 2147483647;
			files = (
				CA2854EF25276F5100698FD7 /* LaunchScreen.storyboard in Resources */,
				CA2854EC25276F5100698FD7 /* Assets.xcassets in Resources */,
				CA2854EA25276F4D00698FD7 /* Main.storyboard in Resources */,
				CA2855022528195300698FD7 /* AnimalDetail.storyboard in Resources */,
			);
			runOnlyForDeploymentPostprocessing = 0;
		};
/* End PBXResourcesBuildPhase section */

/* Begin PBXSourcesBuildPhase section */
		CA2854DB25276F4D00698FD7 /* Sources */ = {
			isa = PBXSourcesBuildPhase;
			buildActionMask = 2147483647;
			files = (
				CA2854E725276F4D00698FD7 /* ViewController.swift in Sources */,
				CA2854F825276FF100698FD7 /* Animal.swift in Sources */,
				CA2854FF2528194700698FD7 /* AnimalDetailViewController.swift in Sources */,
				CA2854FB252770FF00698FD7 /* AnimalDetailTableCell.swift in Sources */,
				CA2854E325276F4D00698FD7 /* AppDelegate.swift in Sources */,
				CA2854E525276F4D00698FD7 /* SceneDelegate.swift in Sources */,
			);
			runOnlyForDeploymentPostprocessing = 0;
		};
/* End PBXSourcesBuildPhase section */

/* Begin PBXVariantGroup section */
		CA2854E825276F4D00698FD7 /* Main.storyboard */ = {
			isa = PBXVariantGroup;
			children = (
				CA2854E925276F4D00698FD7 /* Base */,
			);
			name = Main.storyboard;
			sourceTree = "<group>";
		};
		CA2854ED25276F5100698FD7 /* LaunchScreen.storyboard */ = {
			isa = PBXVariantGroup;
			children = (
				CA2854EE25276F5100698FD7 /* Base */,
			);
			name = LaunchScreen.storyboard;
			sourceTree = "<group>";
		};
/* End PBXVariantGroup section */

/* Begin XCBuildConfiguration section */
		CA2854F125276F5100698FD7 /* Debug */ = {
			isa = XCBuildConfiguration;
			buildSettings = {
				ALWAYS_SEARCH_USER_PATHS = NO;
				CLANG_ANALYZER_NONNULL = YES;
				CLANG_ANALYZER_NUMBER_OBJECT_CONVERSION = YES_AGGRESSIVE;
				CLANG_CXX_LANGUAGE_STANDARD = "gnu++14";
				CLANG_CXX_LIBRARY = "libc++";
				CLANG_ENABLE_MODULES = YES;
				CLANG_ENABLE_OBJC_ARC = YES;
				CLANG_ENABLE_OBJC_WEAK = YES;
				CLANG_WARN_BLOCK_CAPTURE_AUTORELEASING = YES;
				CLANG_WARN_BOOL_CONVERSION = YES;
				CLANG_WARN_COMMA = YES;
				CLANG_WARN_CONSTANT_CONVERSION = YES;
				CLANG_WARN_DEPRECATED_OBJC_IMPLEMENTATIONS = YES;
				CLANG_WARN_DIRECT_OBJC_ISA_USAGE = YES_ERROR;
				CLANG_WARN_DOCUMENTATION_COMMENTS = YES;
				CLANG_WARN_EMPTY_BODY = YES;
				CLANG_WARN_ENUM_CONVERSION = YES;
				CLANG_WARN_INFINITE_RECURSION = YES;
				CLANG_WARN_INT_CONVERSION = YES;
				CLANG_WARN_NON_LITERAL_NULL_CONVERSION = YES;
				CLANG_WARN_OBJC_IMPLICIT_RETAIN_SELF = YES;
				CLANG_WARN_OBJC_LITERAL_CONVERSION = YES;
				CLANG_WARN_OBJC_ROOT_CLASS = YES_ERROR;
				CLANG_WARN_QUOTED_INCLUDE_IN_FRAMEWORK_HEADER = YES;
				CLANG_WARN_RANGE_LOOP_ANALYSIS = YES;
				CLANG_WARN_STRICT_PROTOTYPES = YES;
				CLANG_WARN_SUSPICIOUS_MOVE = YES;
				CLANG_WARN_UNGUARDED_AVAILABILITY = YES_AGGRESSIVE;
				CLANG_WARN_UNREACHABLE_CODE = YES;
				CLANG_WARN__DUPLICATE_METHOD_MATCH = YES;
				COPY_PHASE_STRIP = NO;
				DEBUG_INFORMATION_FORMAT = dwarf;
				ENABLE_STRICT_OBJC_MSGSEND = YES;
				ENABLE_TESTABILITY = YES;
				GCC_C_LANGUAGE_STANDARD = gnu11;
				GCC_DYNAMIC_NO_PIC = NO;
				GCC_NO_COMMON_BLOCKS = YES;
				GCC_OPTIMIZATION_LEVEL = 0;
				GCC_PREPROCESSOR_DEFINITIONS = (
					"DEBUG=1",
					"$(inherited)",
				);
				GCC_WARN_64_TO_32_BIT_CONVERSION = YES;
				GCC_WARN_ABOUT_RETURN_TYPE = YES_ERROR;
				GCC_WARN_UNDECLARED_SELECTOR = YES;
				GCC_WARN_UNINITIALIZED_AUTOS = YES_AGGRESSIVE;
				GCC_WARN_UNUSED_FUNCTION = YES;
				GCC_WARN_UNUSED_VARIABLE = YES;
				IPHONEOS_DEPLOYMENT_TARGET = 14.0;
				MTL_ENABLE_DEBUG_INFO = INCLUDE_SOURCE;
				MTL_FAST_MATH = YES;
				ONLY_ACTIVE_ARCH = YES;
				SDKROOT = iphoneos;
				SWIFT_ACTIVE_COMPILATION_CONDITIONS = DEBUG;
				SWIFT_OPTIMIZATION_LEVEL = "-Onone";
			};
			name = Debug;
		};
		CA2854F225276F5100698FD7 /* Release */ = {
			isa = XCBuildConfiguration;
			buildSettings = {
				ALWAYS_SEARCH_USER_PATHS = NO;
				CLANG_ANALYZER_NONNULL = YES;
				CLANG_ANALYZER_NUMBER_OBJECT_CONVERSION = YES_AGGRESSIVE;
				CLANG_CXX_LANGUAGE_STANDARD = "gnu++14";
				CLANG_CXX_LIBRARY = "libc++";
				CLANG_ENABLE_MODULES = YES;
				CLANG_ENABLE_OBJC_ARC = YES;
				CLANG_ENABLE_OBJC_WEAK = YES;
				CLANG_WARN_BLOCK_CAPTURE_AUTORELEASING = YES;
				CLANG_WARN_BOOL_CONVERSION = YES;
				CLANG_WARN_COMMA = YES;
				CLANG_WARN_CONSTANT_CONVERSION = YES;
				CLANG_WARN_DEPRECATED_OBJC_IMPLEMENTATIONS = YES;
				CLANG_WARN_DIRECT_OBJC_ISA_USAGE = YES_ERROR;
				CLANG_WARN_DOCUMENTATION_COMMENTS = YES;
				CLANG_WARN_EMPTY_BODY = YES;
				CLANG_WARN_ENUM_CONVERSION = YES;
				CLANG_WARN_INFINITE_RECURSION = YES;
				CLANG_WARN_INT_CONVERSION = YES;
				CLANG_WARN_NON_LITERAL_NULL_CONVERSION = YES;
				CLANG_WARN_OBJC_IMPLICIT_RETAIN_SELF = YES;
				CLANG_WARN_OBJC_LITERAL_CONVERSION = YES;
				CLANG_WARN_OBJC_ROOT_CLASS = YES_ERROR;
				CLANG_WARN_QUOTED_INCLUDE_IN_FRAMEWORK_HEADER = YES;
				CLANG_WARN_RANGE_LOOP_ANALYSIS = YES;
				CLANG_WARN_STRICT_PROTOTYPES = YES;
				CLANG_WARN_SUSPICIOUS_MOVE = YES;
				CLANG_WARN_UNGUARDED_AVAILABILITY = YES_AGGRESSIVE;
				CLANG_WARN_UNREACHABLE_CODE = YES;
				CLANG_WARN__DUPLICATE_METHOD_MATCH = YES;
				COPY_PHASE_STRIP = NO;
				DEBUG_INFORMATION_FORMAT = "dwarf-with-dsym";
				ENABLE_NS_ASSERTIONS = NO;
				ENABLE_STRICT_OBJC_MSGSEND = YES;
				GCC_C_LANGUAGE_STANDARD = gnu11;
				GCC_NO_COMMON_BLOCKS = YES;
				GCC_WARN_64_TO_32_BIT_CONVERSION = YES;
				GCC_WARN_ABOUT_RETURN_TYPE = YES_ERROR;
				GCC_WARN_UNDECLARED_SELECTOR = YES;
				GCC_WARN_UNINITIALIZED_AUTOS = YES_AGGRESSIVE;
				GCC_WARN_UNUSED_FUNCTION = YES;
				GCC_WARN_UNUSED_VARIABLE = YES;
				IPHONEOS_DEPLOYMENT_TARGET = 14.0;
				MTL_ENABLE_DEBUG_INFO = NO;
				MTL_FAST_MATH = YES;
				SDKROOT = iphoneos;
				SWIFT_COMPILATION_MODE = wholemodule;
				SWIFT_OPTIMIZATION_LEVEL = "-O";
				VALIDATE_PRODUCT = YES;
			};
			name = Release;
		};
		CA2854F425276F5100698FD7 /* Debug */ = {
			isa = XCBuildConfiguration;
			buildSettings = {
				ASSETCATALOG_COMPILER_APPICON_NAME = AppIcon;
				ASSETCATALOG_COMPILER_GLOBAL_ACCENT_COLOR_NAME = AccentColor;
				CODE_SIGN_STYLE = Automatic;
				DEVELOPMENT_TEAM = 7QQ8S647LF;
				INFOPLIST_FILE = Exec02/Info.plist;
				LD_RUNPATH_SEARCH_PATHS = (
					"$(inherited)",
					"@executable_path/Frameworks",
				);
				PRODUCT_BUNDLE_IDENTIFIER = com.cetava.Exec02;
				PRODUCT_NAME = "$(TARGET_NAME)";
				SWIFT_VERSION = 5.0;
				TARGETED_DEVICE_FAMILY = "1,2";
			};
			name = Debug;
		};
		CA2854F525276F5100698FD7 /* Release */ = {
			isa = XCBuildConfiguration;
			buildSettings = {
				ASSETCATALOG_COMPILER_APPICON_NAME = AppIcon;
				ASSETCATALOG_COMPILER_GLOBAL_ACCENT_COLOR_NAME = AccentColor;
				CODE_SIGN_STYLE = Automatic;
				DEVELOPMENT_TEAM = 7QQ8S647LF;
				INFOPLIST_FILE = Exec02/Info.plist;
				LD_RUNPATH_SEARCH_PATHS = (
					"$(inherited)",
					"@executable_path/Frameworks",
				);
				PRODUCT_BUNDLE_IDENTIFIER = com.cetava.Exec02;
				PRODUCT_NAME = "$(TARGET_NAME)";
				SWIFT_VERSION = 5.0;
				TARGETED_DEVICE_FAMILY = "1,2";
			};
			name = Release;
		};
/* End XCBuildConfiguration section */

/* Begin XCConfigurationList section */
		CA2854DA25276F4D00698FD7 /* Build configuration list for PBXProject "Exec02" */ = {
			isa = XCConfigurationList;
			buildConfigurations = (
				CA2854F125276F5100698FD7 /* Debug */,
				CA2854F225276F5100698FD7 /* Release */,
			);
			defaultConfigurationIsVisible = 0;
			defaultConfigurationName = Release;
		};
		CA2854F325276F5100698FD7 /* Build configuration list for PBXNativeTarget "Exec02" */ = {
			isa = XCConfigurationList;
			buildConfigurations = (
				CA2854F425276F5100698FD7 /* Debug */,
				CA2854F525276F5100698FD7 /* Release */,
			);
			defaultConfigurationIsVisible = 0;
			defaultConfigurationName = Release;
		};
/* End XCConfigurationList section */
	};
	rootObject = CA2854D725276F4D00698FD7 /* Project object */;
}
