// !$*UTF8*$!
{
	archiveVersion = 1;
	classes = {
	};
	objectVersion = 50;
	objects = {

/* Begin PBXBuildFile section */
		CA07BFA725291EC70053BBFA /* AppDelegate.swift in Sources */ = {isa = PBXBuildFile; fileRef = CA07BFA625291EC70053BBFA /* AppDelegate.swift */; };
		CA07BFA925291EC70053BBFA /* SceneDelegate.swift in Sources */ = {isa = PBXBuildFile; fileRef = CA07BFA825291EC70053BBFA /* SceneDelegate.swift */; };
		CA07BFAB25291EC70053BBFA /* ViewController.swift in Sources */ = {isa = PBXBuildFile; fileRef = CA07BFAA25291EC70053BBFA /* ViewController.swift */; };
		CA07BFAE25291EC70053BBFA /* Main.storyboard in Resources */ = {isa = PBXBuildFile; fileRef = CA07BFAC25291EC70053BBFA /* Main.storyboard */; };
		CA07BFB025291ECA0053BBFA /* Assets.xcassets in Resources */ = {isa = PBXBuildFile; fileRef = CA07BFAF25291ECA0053BBFA /* Assets.xcassets */; };
		CA07BFB325291ECA0053BBFA /* LaunchScreen.storyboard in Resources */ = {isa = PBXBuildFile; fileRef = CA07BFB125291ECA0053BBFA /* LaunchScreen.storyboard */; };
		CA07BFBF252A03B20053BBFA /* Person.swift in Sources */ = {isa = PBXBuildFile; fileRef = CA07BFBE252A03B20053BBFA /* Person.swift */; };
		CA07BFC2252A05910053BBFA /* NamesCollectionCell.swift in Sources */ = {isa = PBXBuildFile; fileRef = CA07BFC1252A05910053BBFA /* NamesCollectionCell.swift */; };
/* End PBXBuildFile section */

/* Begin PBXFileReference section */
		CA07BFA325291EC70053BBFA /* Exec04.app */ = {isa = PBXFileReference; explicitFileType = wrapper.application; includeInIndex = 0; path = Exec04.app; sourceTree = BUILT_PRODUCTS_DIR; };
		CA07BFA625291EC70053BBFA /* AppDelegate.swift */ = {isa = PBXFileReference; lastKnownFileType = sourcecode.swift; path = AppDelegate.swift; sourceTree = "<group>"; };
		CA07BFA825291EC70053BBFA /* SceneDelegate.swift */ = {isa = PBXFileReference; lastKnownFileType = sourcecode.swift; path = SceneDelegate.swift; sourceTree = "<group>"; };
		CA07BFAA25291EC70053BBFA /* ViewController.swift */ = {isa = PBXFileReference; lastKnownFileType = sourcecode.swift; path = ViewController.swift; sourceTree = "<group>"; };
		CA07BFAD25291EC70053BBFA /* Base */ = {isa = PBXFileReference; lastKnownFileType = file.storyboard; name = Base; path = Base.lproj/Main.storyboard; sourceTree = "<group>"; };
		CA07BFAF25291ECA0053BBFA /* Assets.xcassets */ = {isa = PBXFileReference; lastKnownFileType = folder.assetcatalog; path = Assets.xcassets; sourceTree = "<group>"; };
		CA07BFB225291ECA0053BBFA /* Base */ = {isa = PBXFileReference; lastKnownFileType = file.storyboard; name = Base; path = Base.lproj/LaunchScreen.storyboard; sourceTree = "<group>"; };
		CA07BFB425291ECA0053BBFA /* Info.plist */ = {isa = PBXFileReference; lastKnownFileType = text.plist.xml; path = Info.plist; sourceTree = "<group>"; };
		CA07BFBE252A03B20053BBFA /* Person.swift */ = {isa = PBXFileReference; lastKnownFileType = sourcecode.swift; path = Person.swift; sourceTree = "<group>"; };
		CA07BFC1252A05910053BBFA /* NamesCollectionCell.swift */ = {isa = PBXFileReference; lastKnownFileType = sourcecode.swift; path = NamesCollectionCell.swift; sourceTree = "<group>"; };
/* End PBXFileReference section */

/* Begin PBXFrameworksBuildPhase section */
		CA07BFA025291EC70053BBFA /* Frameworks */ = {
			isa = PBXFrameworksBuildPhase;
			buildActionMask = 2147483647;
			files = (
			);
			runOnlyForDeploymentPostprocessing = 0;
		};
/* End PBXFrameworksBuildPhase section */

/* Begin PBXGroup section */
		CA07BF9A25291EC70053BBFA = {
			isa = PBXGroup;
			children = (
				CA07BFA525291EC70053BBFA /* Exec04 */,
				CA07BFA425291EC70053BBFA /* Products */,
			);
			sourceTree = "<group>";
		};
		CA07BFA425291EC70053BBFA /* Products */ = {
			isa = PBXGroup;
			children = (
				CA07BFA325291EC70053BBFA /* Exec04.app */,
			);
			name = Products;
			sourceTree = "<group>";
		};
		CA07BFA525291EC70053BBFA /* Exec04 */ = {
			isa = PBXGroup;
			children = (
				CA07BFA625291EC70053BBFA /* AppDelegate.swift */,
				CA07BFA825291EC70053BBFA /* SceneDelegate.swift */,
				CA07BFAA25291EC70053BBFA /* ViewController.swift */,
				CA07BFAC25291EC70053BBFA /* Main.storyboard */,
				CA07BFC1252A05910053BBFA /* NamesCollectionCell.swift */,
				CA07BFAF25291ECA0053BBFA /* Assets.xcassets */,
				CA07BFB125291ECA0053BBFA /* LaunchScreen.storyboard */,
				CA07BFB425291ECA0053BBFA /* Info.plist */,
				CA07BFBE252A03B20053BBFA /* Person.swift */,
			);
			path = Exec04;
			sourceTree = "<group>";
		};
/* End PBXGroup section */

/* Begin PBXNativeTarget section */
		CA07BFA225291EC70053BBFA /* Exec04 */ = {
			isa = PBXNativeTarget;
			buildConfigurationList = CA07BFB725291ECA0053BBFA /* Build configuration list for PBXNativeTarget "Exec04" */;
			buildPhases = (
				CA07BF9F25291EC70053BBFA /* Sources */,
				CA07BFA025291EC70053BBFA /* Frameworks */,
				CA07BFA125291EC70053BBFA /* Resources */,
			);
			buildRules = (
			);
			dependencies = (
			);
			name = Exec04;
			productName = Exec04;
			productReference = CA07BFA325291EC70053BBFA /* Exec04.app */;
			productType = "com.apple.product-type.application";
		};
/* End PBXNativeTarget section */

/* Begin PBXProject section */
		CA07BF9B25291EC70053BBFA /* Project object */ = {
			isa = PBXProject;
			attributes = {
				LastSwiftUpdateCheck = 1200;
				LastUpgradeCheck = 1200;
				TargetAttributes = {
					CA07BFA225291EC70053BBFA = {
						CreatedOnToolsVersion = 12.0.1;
					};
				};
			};
			buildConfigurationList = CA07BF9E25291EC70053BBFA /* Build configuration list for PBXProject "Exec04" */;
			compatibilityVersion = "Xcode 9.3";
			developmentRegion = en;
			hasScannedForEncodings = 0;
			knownRegions = (
				en,
				Base,
			);
			mainGroup = CA07BF9A25291EC70053BBFA;
			productRefGroup = CA07BFA425291EC70053BBFA /* Products */;
			projectDirPath = "";
			projectRoot = "";
			targets = (
				CA07BFA225291EC70053BBFA /* Exec04 */,
			);
		};
/* End PBXProject section */

/* Begin PBXResourcesBuildPhase section */
		CA07BFA125291EC70053BBFA /* Resources */ = {
			isa = PBXResourcesBuildPhase;
			buildActionMask = 2147483647;
			files = (
				CA07BFB325291ECA0053BBFA /* LaunchScreen.storyboard in Resources */,
				CA07BFB025291ECA0053BBFA /* Assets.xcassets in Resources */,
				CA07BFAE25291EC70053BBFA /* Main.storyboard in Resources */,
			);
			runOnlyForDeploymentPostprocessing = 0;
		};
/* End PBXResourcesBuildPhase section */

/* Begin PBXSourcesBuildPhase section */
		CA07BF9F25291EC70053BBFA /* Sources */ = {
			isa = PBXSourcesBuildPhase;
			buildActionMask = 2147483647;
			files = (
				CA07BFC2252A05910053BBFA /* NamesCollectionCell.swift in Sources */,
				CA07BFAB25291EC70053BBFA /* ViewController.swift in Sources */,
				CA07BFA725291EC70053BBFA /* AppDelegate.swift in Sources */,
				CA07BFBF252A03B20053BBFA /* Person.swift in Sources */,
				CA07BFA925291EC70053BBFA /* SceneDelegate.swift in Sources */,
			);
			runOnlyForDeploymentPostprocessing = 0;
		};
/* End PBXSourcesBuildPhase section */

/* Begin PBXVariantGroup section */
		CA07BFAC25291EC70053BBFA /* Main.storyboard */ = {
			isa = PBXVariantGroup;
			children = (
				CA07BFAD25291EC70053BBFA /* Base */,
			);
			name = Main.storyboard;
			sourceTree = "<group>";
		};
		CA07BFB125291ECA0053BBFA /* LaunchScreen.storyboard */ = {
			isa = PBXVariantGroup;
			children = (
				CA07BFB225291ECA0053BBFA /* Base */,
			);
			name = LaunchScreen.storyboard;
			sourceTree = "<group>";
		};
/* End PBXVariantGroup section */

/* Begin XCBuildConfiguration section */
		CA07BFB525291ECA0053BBFA /* Debug */ = {
			isa = XCBuildConfiguration;
			buildSettings = {
				ALWAYS_SEARCH_USER_PATHS = NO;
				CLANG_ANALYZER_NONNULL = YES;
				CLANG_ANALYZER_NUMBER_OBJECT_CONVERSION = YES_AGGRESSIVE;
				CLANG_CXX_LANGUAGE_STANDARD = "gnu++14";
				CLANG_CXX_LIBRARY = "libc++";
				CLANG_ENABLE_MODULES = YES;
				CLANG_ENABLE_OBJC_ARC = YES;
				CLANG_ENABLE_OBJC_WEAK = YES;
				CLANG_WARN_BLOCK_CAPTURE_AUTORELEASING = YES;
				CLANG_WARN_BOOL_CONVERSION = YES;
				CLANG_WARN_COMMA = YES;
				CLANG_WARN_CONSTANT_CONVERSION = YES;
				CLANG_WARN_DEPRECATED_OBJC_IMPLEMENTATIONS = YES;
				CLANG_WARN_DIRECT_OBJC_ISA_USAGE = YES_ERROR;
				CLANG_WARN_DOCUMENTATION_COMMENTS = YES;
				CLANG_WARN_EMPTY_BODY = YES;
				CLANG_WARN_ENUM_CONVERSION = YES;
				CLANG_WARN_INFINITE_RECURSION = YES;
				CLANG_WARN_INT_CONVERSION = YES;
				CLANG_WARN_NON_LITERAL_NULL_CONVERSION = YES;
				CLANG_WARN_OBJC_IMPLICIT_RETAIN_SELF = YES;
				CLANG_WARN_OBJC_LITERAL_CONVERSION = YES;
				CLANG_WARN_OBJC_ROOT_CLASS = YES_ERROR;
				CLANG_WARN_QUOTED_INCLUDE_IN_FRAMEWORK_HEADER = YES;
				CLANG_WARN_RANGE_LOOP_ANALYSIS = YES;
				CLANG_WARN_STRICT_PROTOTYPES = YES;
				CLANG_WARN_SUSPICIOUS_MOVE = YES;
				CLANG_WARN_UNGUARDED_AVAILABILITY = YES_AGGRESSIVE;
				CLANG_WARN_UNREACHABLE_CODE = YES;
				CLANG_WARN__DUPLICATE_METHOD_MATCH = YES;
				COPY_PHASE_STRIP = NO;
				DEBUG_INFORMATION_FORMAT = dwarf;
				ENABLE_STRICT_OBJC_MSGSEND = YES;
				ENABLE_TESTABILITY = YES;
				GCC_C_LANGUAGE_STANDARD = gnu11;
				GCC_DYNAMIC_NO_PIC = NO;
				GCC_NO_COMMON_BLOCKS = YES;
				GCC_OPTIMIZATION_LEVEL = 0;
				GCC_PREPROCESSOR_DEFINITIONS = (
					"DEBUG=1",
					"$(inherited)",
				);
				GCC_WARN_64_TO_32_BIT_CONVERSION = YES;
				GCC_WARN_ABOUT_RETURN_TYPE = YES_ERROR;
				GCC_WARN_UNDECLARED_SELECTOR = YES;
				GCC_WARN_UNINITIALIZED_AUTOS = YES_AGGRESSIVE;
				GCC_WARN_UNUSED_FUNCTION = YES;
				GCC_WARN_UNUSED_VARIABLE = YES;
				IPHONEOS_DEPLOYMENT_TARGET = 14.0;
				MTL_ENABLE_DEBUG_INFO = INCLUDE_SOURCE;
				MTL_FAST_MATH = YES;
				ONLY_ACTIVE_ARCH = YES;
				SDKROOT = iphoneos;
				SWIFT_ACTIVE_COMPILATION_CONDITIONS = DEBUG;
				SWIFT_OPTIMIZATION_LEVEL = "-Onone";
			};
			name = Debug;
		};
		CA07BFB625291ECA0053BBFA /* Release */ = {
			isa = XCBuildConfiguration;
			buildSettings = {
				ALWAYS_SEARCH_USER_PATHS = NO;
				CLANG_ANALYZER_NONNULL = YES;
				CLANG_ANALYZER_NUMBER_OBJECT_CONVERSION = YES_AGGRESSIVE;
				CLANG_CXX_LANGUAGE_STANDARD = "gnu++14";
				CLANG_CXX_LIBRARY = "libc++";
				CLANG_ENABLE_MODULES = YES;
				CLANG_ENABLE_OBJC_ARC = YES;
				CLANG_ENABLE_OBJC_WEAK = YES;
				CLANG_WARN_BLOCK_CAPTURE_AUTORELEASING = YES;
				CLANG_WARN_BOOL_CONVERSION = YES;
				CLANG_WARN_COMMA = YES;
				CLANG_WARN_CONSTANT_CONVERSION = YES;
				CLANG_WARN_DEPRECATED_OBJC_IMPLEMENTATIONS = YES;
				CLANG_WARN_DIRECT_OBJC_ISA_USAGE = YES_ERROR;
				CLANG_WARN_DOCUMENTATION_COMMENTS = YES;
				CLANG_WARN_EMPTY_BODY = YES;
				CLANG_WARN_ENUM_CONVERSION = YES;
				CLANG_WARN_INFINITE_RECURSION = YES;
				CLANG_WARN_INT_CONVERSION = YES;
				CLANG_WARN_NON_LITERAL_NULL_CONVERSION = YES;
				CLANG_WARN_OBJC_IMPLICIT_RETAIN_SELF = YES;
				CLANG_WARN_OBJC_LITERAL_CONVERSION = YES;
				CLANG_WARN_OBJC_ROOT_CLASS = YES_ERROR;
				CLANG_WARN_QUOTED_INCLUDE_IN_FRAMEWORK_HEADER = YES;
				CLANG_WARN_RANGE_LOOP_ANALYSIS = YES;
				CLANG_WARN_STRICT_PROTOTYPES = YES;
				CLANG_WARN_SUSPICIOUS_MOVE = YES;
				CLANG_WARN_UNGUARDED_AVAILABILITY = YES_AGGRESSIVE;
				CLANG_WARN_UNREACHABLE_CODE = YES;
				CLANG_WARN__DUPLICATE_METHOD_MATCH = YES;
				COPY_PHASE_STRIP = NO;
				DEBUG_INFORMATION_FORMAT = "dwarf-with-dsym";
				ENABLE_NS_ASSERTIONS = NO;
				ENABLE_STRICT_OBJC_MSGSEND = YES;
				GCC_C_LANGUAGE_STANDARD = gnu11;
				GCC_NO_COMMON_BLOCKS = YES;
				GCC_WARN_64_TO_32_BIT_CONVERSION = YES;
				GCC_WARN_ABOUT_RETURN_TYPE = YES_ERROR;
				GCC_WARN_UNDECLARED_SELECTOR = YES;
				GCC_WARN_UNINITIALIZED_AUTOS = YES_AGGRESSIVE;
				GCC_WARN_UNUSED_FUNCTION = YES;
				GCC_WARN_UNUSED_VARIABLE = YES;
				IPHONEOS_DEPLOYMENT_TARGET = 14.0;
				MTL_ENABLE_DEBUG_INFO = NO;
				MTL_FAST_MATH = YES;
				SDKROOT = iphoneos;
				SWIFT_COMPILATION_MODE = wholemodule;
				SWIFT_OPTIMIZATION_LEVEL = "-O";
				VALIDATE_PRODUCT = YES;
			};
			name = Release;
		};
		CA07BFB825291ECA0053BBFA /* Debug */ = {
			isa = XCBuildConfiguration;
			buildSettings = {
				ASSETCATALOG_COMPILER_APPICON_NAME = AppIcon;
				ASSETCATALOG_COMPILER_GLOBAL_ACCENT_COLOR_NAME = AccentColor;
				CODE_SIGN_STYLE = Automatic;
				DEVELOPMENT_TEAM = 7QQ8S647LF;
				INFOPLIST_FILE = Exec04/Info.plist;
				LD_RUNPATH_SEARCH_PATHS = (
					"$(inherited)",
					"@executable_path/Frameworks",
				);
				PRODUCT_BUNDLE_IDENTIFIER = com.cetava.Exec04;
				PRODUCT_NAME = "$(TARGET_NAME)";
				SWIFT_VERSION = 5.0;
				TARGETED_DEVICE_FAMILY = "1,2";
			};
			name = Debug;
		};
		CA07BFB925291ECA0053BBFA /* Release */ = {
			isa = XCBuildConfiguration;
			buildSettings = {
				ASSETCATALOG_COMPILER_APPICON_NAME = AppIcon;
				ASSETCATALOG_COMPILER_GLOBAL_ACCENT_COLOR_NAME = AccentColor;
				CODE_SIGN_STYLE = Automatic;
				DEVELOPMENT_TEAM = 7QQ8S647LF;
				INFOPLIST_FILE = Exec04/Info.plist;
				LD_RUNPATH_SEARCH_PATHS = (
					"$(inherited)",
					"@executable_path/Frameworks",
				);
				PRODUCT_BUNDLE_IDENTIFIER = com.cetava.Exec04;
				PRODUCT_NAME = "$(TARGET_NAME)";
				SWIFT_VERSION = 5.0;
				TARGETED_DEVICE_FAMILY = "1,2";
			};
			name = Release;
		};
/* End XCBuildConfiguration section */

/* Begin XCConfigurationList section */
		CA07BF9E25291EC70053BBFA /* Build configuration list for PBXProject "Exec04" */ = {
			isa = XCConfigurationList;
			buildConfigurations = (
				CA07BFB525291ECA0053BBFA /* Debug */,
				CA07BFB625291ECA0053BBFA /* Release */,
			);
			defaultConfigurationIsVisible = 0;
			defaultConfigurationName = Release;
		};
		CA07BFB725291ECA0053BBFA /* Build configuration list for PBXNativeTarget "Exec04" */ = {
			isa = XCConfigurationList;
			buildConfigurations = (
				CA07BFB825291ECA0053BBFA /* Debug */,
				CA07BFB925291ECA0053BBFA /* Release */,
			);
			defaultConfigurationIsVisible = 0;
			defaultConfigurationName = Release;
		};
/* End XCConfigurationList section */
	};
	rootObject = CA07BF9B25291EC70053BBFA /* Project object */;
}
