// !$*UTF8*$!
{
	archiveVersion = 1;
	classes = {
	};
	objectVersion = 50;
	objects = {

/* Begin PBXBuildFile section */
		CA2854A52526B64700698FD7 /* AppDelegate.swift in Sources */ = {isa = PBXBuildFile; fileRef = CA2854A42526B64700698FD7 /* AppDelegate.swift */; };
		CA2854A72526B64700698FD7 /* SceneDelegate.swift in Sources */ = {isa = PBXBuildFile; fileRef = CA2854A62526B64700698FD7 /* SceneDelegate.swift */; };
		CA2854A92526B64700698FD7 /* ViewController.swift in Sources */ = {isa = PBXBuildFile; fileRef = CA2854A82526B64700698FD7 /* ViewController.swift */; };
		CA2854AC2526B64700698FD7 /* Main.storyboard in Resources */ = {isa = PBXBuildFile; fileRef = CA2854AA2526B64700698FD7 /* Main.storyboard */; };
		CA2854AE2526B64B00698FD7 /* Assets.xcassets in Resources */ = {isa = PBXBuildFile; fileRef = CA2854AD2526B64B00698FD7 /* Assets.xcassets */; };
		CA2854B12526B64B00698FD7 /* LaunchScreen.storyboard in Resources */ = {isa = PBXBuildFile; fileRef = CA2854AF2526B64B00698FD7 /* LaunchScreen.storyboard */; };
		CA2854BA2526B6A900698FD7 /* Preson.swift in Sources */ = {isa = PBXBuildFile; fileRef = CA2854B92526B6A900698FD7 /* Preson.swift */; };
		CA2854CB2526BC8700698FD7 /* PersonTableCell.swift in Sources */ = {isa = PBXBuildFile; fileRef = CA2854CA2526BC8700698FD7 /* PersonTableCell.swift */; };
		CA2854CF2526CDEB00698FD7 /* PersonalDetailViewController.swift in Sources */ = {isa = PBXBuildFile; fileRef = CA2854CE2526CDEB00698FD7 /* PersonalDetailViewController.swift */; };
		CA2854D32526CDF800698FD7 /* PersonalDetail.storyboard in Resources */ = {isa = PBXBuildFile; fileRef = CA2854D22526CDF800698FD7 /* PersonalDetail.storyboard */; };
/* End PBXBuildFile section */

/* Begin PBXFileReference section */
		CA2854A12526B64700698FD7 /* Exec01.app */ = {isa = PBXFileReference; explicitFileType = wrapper.application; includeInIndex = 0; path = Exec01.app; sourceTree = BUILT_PRODUCTS_DIR; };
		CA2854A42526B64700698FD7 /* AppDelegate.swift */ = {isa = PBXFileReference; lastKnownFileType = sourcecode.swift; path = AppDelegate.swift; sourceTree = "<group>"; };
		CA2854A62526B64700698FD7 /* SceneDelegate.swift */ = {isa = PBXFileReference; lastKnownFileType = sourcecode.swift; path = SceneDelegate.swift; sourceTree = "<group>"; };
		CA2854A82526B64700698FD7 /* ViewController.swift */ = {isa = PBXFileReference; lastKnownFileType = sourcecode.swift; path = ViewController.swift; sourceTree = "<group>"; };
		CA2854AB2526B64700698FD7 /* Base */ = {isa = PBXFileReference; lastKnownFileType = file.storyboard; name = Base; path = Base.lproj/Main.storyboard; sourceTree = "<group>"; };
		CA2854AD2526B64B00698FD7 /* Assets.xcassets */ = {isa = PBXFileReference; lastKnownFileType = folder.assetcatalog; path = Assets.xcassets; sourceTree = "<group>"; };
		CA2854B02526B64B00698FD7 /* Base */ = {isa = PBXFileReference; lastKnownFileType = file.storyboard; name = Base; path = Base.lproj/LaunchScreen.storyboard; sourceTree = "<group>"; };
		CA2854B22526B64B00698FD7 /* Info.plist */ = {isa = PBXFileReference; lastKnownFileType = text.plist.xml; path = Info.plist; sourceTree = "<group>"; };
		CA2854B92526B6A900698FD7 /* Preson.swift */ = {isa = PBXFileReference; lastKnownFileType = sourcecode.swift; path = Preson.swift; sourceTree = "<group>"; };
		CA2854CA2526BC8700698FD7 /* PersonTableCell.swift */ = {isa = PBXFileReference; lastKnownFileType = sourcecode.swift; path = PersonTableCell.swift; sourceTree = "<group>"; };
		CA2854CE2526CDEB00698FD7 /* PersonalDetailViewController.swift */ = {isa = PBXFileReference; lastKnownFileType = sourcecode.swift; path = PersonalDetailViewController.swift; sourceTree = "<group>"; };
		CA2854D22526CDF800698FD7 /* PersonalDetail.storyboard */ = {isa = PBXFileReference; lastKnownFileType = file.storyboard; path = PersonalDetail.storyboard; sourceTree = "<group>"; };
/* End PBXFileReference section */

/* Begin PBXFrameworksBuildPhase section */
		CA28549E2526B64700698FD7 /* Frameworks */ = {
			isa = PBXFrameworksBuildPhase;
			buildActionMask = 2147483647;
			files = (
			);
			runOnlyForDeploymentPostprocessing = 0;
		};
/* End PBXFrameworksBuildPhase section */

/* Begin PBXGroup section */
		CA2854982526B64700698FD7 = {
			isa = PBXGroup;
			children = (
				CA2854A32526B64700698FD7 /* Exec01 */,
				CA2854A22526B64700698FD7 /* Products */,
			);
			sourceTree = "<group>";
		};
		CA2854A22526B64700698FD7 /* Products */ = {
			isa = PBXGroup;
			children = (
				CA2854A12526B64700698FD7 /* Exec01.app */,
			);
			name = Products;
			sourceTree = "<group>";
		};
		CA2854A32526B64700698FD7 /* Exec01 */ = {
			isa = PBXGroup;
			children = (
				CA2854CD2526CDCA00698FD7 /* PersonDetail */,
				CA2854A42526B64700698FD7 /* AppDelegate.swift */,
				CA2854A62526B64700698FD7 /* SceneDelegate.swift */,
				CA2854A82526B64700698FD7 /* ViewController.swift */,
				CA2854AA2526B64700698FD7 /* Main.storyboard */,
				CA2854CA2526BC8700698FD7 /* PersonTableCell.swift */,
				CA2854B92526B6A900698FD7 /* Preson.swift */,
				CA2854AD2526B64B00698FD7 /* Assets.xcassets */,
				CA2854AF2526B64B00698FD7 /* LaunchScreen.storyboard */,
				CA2854B22526B64B00698FD7 /* Info.plist */,
			);
			path = Exec01;
			sourceTree = "<group>";
		};
		CA2854CD2526CDCA00698FD7 /* PersonDetail */ = {
			isa = PBXGroup;
			children = (
				CA2854CE2526CDEB00698FD7 /* PersonalDetailViewController.swift */,
				CA2854D22526CDF800698FD7 /* PersonalDetail.storyboard */,
			);
			path = PersonDetail;
			sourceTree = "<group>";
		};
/* End PBXGroup section */

/* Begin PBXNativeTarget section */
		CA2854A02526B64700698FD7 /* Exec01 */ = {
			isa = PBXNativeTarget;
			buildConfigurationList = CA2854B52526B64B00698FD7 /* Build configuration list for PBXNativeTarget "Exec01" */;
			buildPhases = (
				CA28549D2526B64700698FD7 /* Sources */,
				CA28549E2526B64700698FD7 /* Frameworks */,
				CA28549F2526B64700698FD7 /* Resources */,
			);
			buildRules = (
			);
			dependencies = (
			);
			name = Exec01;
			productName = Exec01;
			productReference = CA2854A12526B64700698FD7 /* Exec01.app */;
			productType = "com.apple.product-type.application";
		};
/* End PBXNativeTarget section */

/* Begin PBXProject section */
		CA2854992526B64700698FD7 /* Project object */ = {
			isa = PBXProject;
			attributes = {
				LastSwiftUpdateCheck = 1200;
				LastUpgradeCheck = 1200;
				TargetAttributes = {
					CA2854A02526B64700698FD7 = {
						CreatedOnToolsVersion = 12.0.1;
					};
				};
			};
			buildConfigurationList = CA28549C2526B64700698FD7 /* Build configuration list for PBXProject "Exec01" */;
			compatibilityVersion = "Xcode 9.3";
			developmentRegion = en;
			hasScannedForEncodings = 0;
			knownRegions = (
				en,
				Base,
			);
			mainGroup = CA2854982526B64700698FD7;
			productRefGroup = CA2854A22526B64700698FD7 /* Products */;
			projectDirPath = "";
			projectRoot = "";
			targets = (
				CA2854A02526B64700698FD7 /* Exec01 */,
			);
		};
/* End PBXProject section */

/* Begin PBXResourcesBuildPhase section */
		CA28549F2526B64700698FD7 /* Resources */ = {
			isa = PBXResourcesBuildPhase;
			buildActionMask = 2147483647;
			files = (
				CA2854D32526CDF800698FD7 /* PersonalDetail.storyboard in Resources */,
				CA2854B12526B64B00698FD7 /* LaunchScreen.storyboard in Resources */,
				CA2854AE2526B64B00698FD7 /* Assets.xcassets in Resources */,
				CA2854AC2526B64700698FD7 /* Main.storyboard in Resources */,
			);
			runOnlyForDeploymentPostprocessing = 0;
		};
/* End PBXResourcesBuildPhase section */

/* Begin PBXSourcesBuildPhase section */
		CA28549D2526B64700698FD7 /* Sources */ = {
			isa = PBXSourcesBuildPhase;
			buildActionMask = 2147483647;
			files = (
				CA2854A92526B64700698FD7 /* ViewController.swift in Sources */,
				CA2854A52526B64700698FD7 /* AppDelegate.swift in Sources */,
				CA2854CB2526BC8700698FD7 /* PersonTableCell.swift in Sources */,
				CA2854BA2526B6A900698FD7 /* Preson.swift in Sources */,
				CA2854A72526B64700698FD7 /* SceneDelegate.swift in Sources */,
				CA2854CF2526CDEB00698FD7 /* PersonalDetailViewController.swift in Sources */,
			);
			runOnlyForDeploymentPostprocessing = 0;
		};
/* End PBXSourcesBuildPhase section */

/* Begin PBXVariantGroup section */
		CA2854AA2526B64700698FD7 /* Main.storyboard */ = {
			isa = PBXVariantGroup;
			children = (
				CA2854AB2526B64700698FD7 /* Base */,
			);
			name = Main.storyboard;
			sourceTree = "<group>";
		};
		CA2854AF2526B64B00698FD7 /* LaunchScreen.storyboard */ = {
			isa = PBXVariantGroup;
			children = (
				CA2854B02526B64B00698FD7 /* Base */,
			);
			name = LaunchScreen.storyboard;
			sourceTree = "<group>";
		};
/* End PBXVariantGroup section */

/* Begin XCBuildConfiguration section */
		CA2854B32526B64B00698FD7 /* Debug */ = {
			isa = XCBuildConfiguration;
			buildSettings = {
				ALWAYS_SEARCH_USER_PATHS = NO;
				CLANG_ANALYZER_NONNULL = YES;
				CLANG_ANALYZER_NUMBER_OBJECT_CONVERSION = YES_AGGRESSIVE;
				CLANG_CXX_LANGUAGE_STANDARD = "gnu++14";
				CLANG_CXX_LIBRARY = "libc++";
				CLANG_ENABLE_MODULES = YES;
				CLANG_ENABLE_OBJC_ARC = YES;
				CLANG_ENABLE_OBJC_WEAK = YES;
				CLANG_WARN_BLOCK_CAPTURE_AUTORELEASING = YES;
				CLANG_WARN_BOOL_CONVERSION = YES;
				CLANG_WARN_COMMA = YES;
				CLANG_WARN_CONSTANT_CONVERSION = YES;
				CLANG_WARN_DEPRECATED_OBJC_IMPLEMENTATIONS = YES;
				CLANG_WARN_DIRECT_OBJC_ISA_USAGE = YES_ERROR;
				CLANG_WARN_DOCUMENTATION_COMMENTS = YES;
				CLANG_WARN_EMPTY_BODY = YES;
				CLANG_WARN_ENUM_CONVERSION = YES;
				CLANG_WARN_INFINITE_RECURSION = YES;
				CLANG_WARN_INT_CONVERSION = YES;
				CLANG_WARN_NON_LITERAL_NULL_CONVERSION = YES;
				CLANG_WARN_OBJC_IMPLICIT_RETAIN_SELF = YES;
				CLANG_WARN_OBJC_LITERAL_CONVERSION = YES;
				CLANG_WARN_OBJC_ROOT_CLASS = YES_ERROR;
				CLANG_WARN_QUOTED_INCLUDE_IN_FRAMEWORK_HEADER = YES;
				CLANG_WARN_RANGE_LOOP_ANALYSIS = YES;
				CLANG_WARN_STRICT_PROTOTYPES = YES;
				CLANG_WARN_SUSPICIOUS_MOVE = YES;
				CLANG_WARN_UNGUARDED_AVAILABILITY = YES_AGGRESSIVE;
				CLANG_WARN_UNREACHABLE_CODE = YES;
				CLANG_WARN__DUPLICATE_METHOD_MATCH = YES;
				COPY_PHASE_STRIP = NO;
				DEBUG_INFORMATION_FORMAT = dwarf;
				ENABLE_STRICT_OBJC_MSGSEND = YES;
				ENABLE_TESTABILITY = YES;
				GCC_C_LANGUAGE_STANDARD = gnu11;
				GCC_DYNAMIC_NO_PIC = NO;
				GCC_NO_COMMON_BLOCKS = YES;
				GCC_OPTIMIZATION_LEVEL = 0;
				GCC_PREPROCESSOR_DEFINITIONS = (
					"DEBUG=1",
					"$(inherited)",
				);
				GCC_WARN_64_TO_32_BIT_CONVERSION = YES;
				GCC_WARN_ABOUT_RETURN_TYPE = YES_ERROR;
				GCC_WARN_UNDECLARED_SELECTOR = YES;
				GCC_WARN_UNINITIALIZED_AUTOS = YES_AGGRESSIVE;
				GCC_WARN_UNUSED_FUNCTION = YES;
				GCC_WARN_UNUSED_VARIABLE = YES;
				IPHONEOS_DEPLOYMENT_TARGET = 14.0;
				MTL_ENABLE_DEBUG_INFO = INCLUDE_SOURCE;
				MTL_FAST_MATH = YES;
				ONLY_ACTIVE_ARCH = YES;
				SDKROOT = iphoneos;
				SWIFT_ACTIVE_COMPILATION_CONDITIONS = DEBUG;
				SWIFT_OPTIMIZATION_LEVEL = "-Onone";
			};
			name = Debug;
		};
		CA2854B42526B64B00698FD7 /* Release */ = {
			isa = XCBuildConfiguration;
			buildSettings = {
				ALWAYS_SEARCH_USER_PATHS = NO;
				CLANG_ANALYZER_NONNULL = YES;
				CLANG_ANALYZER_NUMBER_OBJECT_CONVERSION = YES_AGGRESSIVE;
				CLANG_CXX_LANGUAGE_STANDARD = "gnu++14";
				CLANG_CXX_LIBRARY = "libc++";
				CLANG_ENABLE_MODULES = YES;
				CLANG_ENABLE_OBJC_ARC = YES;
				CLANG_ENABLE_OBJC_WEAK = YES;
				CLANG_WARN_BLOCK_CAPTURE_AUTORELEASING = YES;
				CLANG_WARN_BOOL_CONVERSION = YES;
				CLANG_WARN_COMMA = YES;
				CLANG_WARN_CONSTANT_CONVERSION = YES;
				CLANG_WARN_DEPRECATED_OBJC_IMPLEMENTATIONS = YES;
				CLANG_WARN_DIRECT_OBJC_ISA_USAGE = YES_ERROR;
				CLANG_WARN_DOCUMENTATION_COMMENTS = YES;
				CLANG_WARN_EMPTY_BODY = YES;
				CLANG_WARN_ENUM_CONVERSION = YES;
				CLANG_WARN_INFINITE_RECURSION = YES;
				CLANG_WARN_INT_CONVERSION = YES;
				CLANG_WARN_NON_LITERAL_NULL_CONVERSION = YES;
				CLANG_WARN_OBJC_IMPLICIT_RETAIN_SELF = YES;
				CLANG_WARN_OBJC_LITERAL_CONVERSION = YES;
				CLANG_WARN_OBJC_ROOT_CLASS = YES_ERROR;
				CLANG_WARN_QUOTED_INCLUDE_IN_FRAMEWORK_HEADER = YES;
				CLANG_WARN_RANGE_LOOP_ANALYSIS = YES;
				CLANG_WARN_STRICT_PROTOTYPES = YES;
				CLANG_WARN_SUSPICIOUS_MOVE = YES;
				CLANG_WARN_UNGUARDED_AVAILABILITY = YES_AGGRESSIVE;
				CLANG_WARN_UNREACHABLE_CODE = YES;
				CLANG_WARN__DUPLICATE_METHOD_MATCH = YES;
				COPY_PHASE_STRIP = NO;
				DEBUG_INFORMATION_FORMAT = "dwarf-with-dsym";
				ENABLE_NS_ASSERTIONS = NO;
				ENABLE_STRICT_OBJC_MSGSEND = YES;
				GCC_C_LANGUAGE_STANDARD = gnu11;
				GCC_NO_COMMON_BLOCKS = YES;
				GCC_WARN_64_TO_32_BIT_CONVERSION = YES;
				GCC_WARN_ABOUT_RETURN_TYPE = YES_ERROR;
				GCC_WARN_UNDECLARED_SELECTOR = YES;
				GCC_WARN_UNINITIALIZED_AUTOS = YES_AGGRESSIVE;
				GCC_WARN_UNUSED_FUNCTION = YES;
				GCC_WARN_UNUSED_VARIABLE = YES;
				IPHONEOS_DEPLOYMENT_TARGET = 14.0;
				MTL_ENABLE_DEBUG_INFO = NO;
				MTL_FAST_MATH = YES;
				SDKROOT = iphoneos;
				SWIFT_COMPILATION_MODE = wholemodule;
				SWIFT_OPTIMIZATION_LEVEL = "-O";
				VALIDATE_PRODUCT = YES;
			};
			name = Release;
		};
		CA2854B62526B64B00698FD7 /* Debug */ = {
			isa = XCBuildConfiguration;
			buildSettings = {
				ASSETCATALOG_COMPILER_APPICON_NAME = AppIcon;
				ASSETCATALOG_COMPILER_GLOBAL_ACCENT_COLOR_NAME = AccentColor;
				CODE_SIGN_STYLE = Automatic;
				DEVELOPMENT_TEAM = 7QQ8S647LF;
				INFOPLIST_FILE = Exec01/Info.plist;
				LD_RUNPATH_SEARCH_PATHS = (
					"$(inherited)",
					"@executable_path/Frameworks",
				);
				PRODUCT_BUNDLE_IDENTIFIER = com.cetava.Exec01;
				PRODUCT_NAME = "$(TARGET_NAME)";
				SWIFT_VERSION = 5.0;
				TARGETED_DEVICE_FAMILY = "1,2";
			};
			name = Debug;
		};
		CA2854B72526B64B00698FD7 /* Release */ = {
			isa = XCBuildConfiguration;
			buildSettings = {
				ASSETCATALOG_COMPILER_APPICON_NAME = AppIcon;
				ASSETCATALOG_COMPILER_GLOBAL_ACCENT_COLOR_NAME = AccentColor;
				CODE_SIGN_STYLE = Automatic;
				DEVELOPMENT_TEAM = 7QQ8S647LF;
				INFOPLIST_FILE = Exec01/Info.plist;
				LD_RUNPATH_SEARCH_PATHS = (
					"$(inherited)",
					"@executable_path/Frameworks",
				);
				PRODUCT_BUNDLE_IDENTIFIER = com.cetava.Exec01;
				PRODUCT_NAME = "$(TARGET_NAME)";
				SWIFT_VERSION = 5.0;
				TARGETED_DEVICE_FAMILY = "1,2";
			};
			name = Release;
		};
/* End XCBuildConfiguration section */

/* Begin XCConfigurationList section */
		CA28549C2526B64700698FD7 /* Build configuration list for PBXProject "Exec01" */ = {
			isa = XCConfigurationList;
			buildConfigurations = (
				CA2854B32526B64B00698FD7 /* Debug */,
				CA2854B42526B64B00698FD7 /* Release */,
			);
			defaultConfigurationIsVisible = 0;
			defaultConfigurationName = Release;
		};
		CA2854B52526B64B00698FD7 /* Build configuration list for PBXNativeTarget "Exec01" */ = {
			isa = XCConfigurationList;
			buildConfigurations = (
				CA2854B62526B64B00698FD7 /* Debug */,
				CA2854B72526B64B00698FD7 /* Release */,
			);
			defaultConfigurationIsVisible = 0;
			defaultConfigurationName = Release;
		};
/* End XCConfigurationList section */
	};
	rootObject = CA2854992526B64700698FD7 /* Project object */;
}
